
Microsoft Visual Studio Solution File, Format Version 12.00
# Visual Studio Version 17
VisualStudioVersion = 17.13.35919.96
MinimumVisualStudioVersion = 10.0.40219.1
Project("{FAE04EC0-301F-11D3-BF4B-00C04F79EFBC}") = "Toolbox.Console", "Toolbox.Console\Toolbox.Console.csproj", "{8CB2BBE3-BBE3-4E70-BECB-4A5BF3F7E709}"
EndProject
Project("{FAE04EC0-301F-11D3-BF4B-00C04F79EFBC}") = "Toolbox.Logic", "Toolbox.Logic\Toolbox.Logic.csproj", "{514387CA-B670-4E59-8174-FD3FFAB0BC6C}"
EndProject
Project("{2150E333-8FDC-42A3-9474-1A3956D46DE8}") = "Tests", "Tests", "{6C83A596-D32D-B35F-00DD-F0C99B673980}"
EndProject
Project("{FAE04EC0-301F-11D3-BF4B-00C04F79EFBC}") = "Toolbox.Logic.Tests", "Tests\Toolbox.Logic.Tests\Toolbox.Logic.Tests.csproj", "{182E553D-7463-4F8C-85FB-7B528BB4BD18}"
EndProject
Project("{2150E333-8FDC-42A3-9474-1A3956D46DE8}") = "KeyConcepts", "KeyConcepts", "{754876EE-FCF6-49B4-9FAA-0C362C9B763C}"
	ProjectSection(SolutionItems) = preProject
		KeyConcepts\001 - Object Oriented Programming.md = KeyConcepts\001 - Object Oriented Programming.md
		KeyConcepts\002 - C# Basic Value and Reference Types.md = KeyConcepts\002 - C# Basic Value and Reference Types.md
		KeyConcepts\003 - C# Property accessors (init vs private vs empty).md = KeyConcepts\003 - C# Property accessors (init vs private vs empty).md
		KeyConcepts\005 - C# Delegates and Events.md = KeyConcepts\005 - C# Delegates and Events.md
		KeyConcepts\004 - C# Memory management.md = KeyConcepts\004 - C# Memory management.md
		KeyConcepts\006 - C# IEnumerable vs ICollection vs IList.md = KeyConcepts\006 - C# IEnumerable vs ICollection vs IList.md
		KeyConcepts\007 - Solid Principles.md = KeyConcepts\007 - Solid Principles.md
		KeyConcepts\008 - Other Principles.md = KeyConcepts\008 - Other Principles.md
		KeyConcepts\009 - SQL and Database.md = KeyConcepts\009 - SQL and Database.md
	EndProjectSection
EndProject
Global
	GlobalSection(SolutionConfigurationPlatforms) = preSolution
		Debug|Any CPU = Debug|Any CPU
		Release|Any CPU = Release|Any CPU
	EndGlobalSection
	GlobalSection(ProjectConfigurationPlatforms) = postSolution
		{8CB2BBE3-BBE3-4E70-BECB-4A5BF3F7E709}.Debug|Any CPU.ActiveCfg = Debug|Any CPU
		{8CB2BBE3-BBE3-4E70-BECB-4A5BF3F7E709}.Debug|Any CPU.Build.0 = Debug|Any CPU
		{8CB2BBE3-BBE3-4E70-BECB-4A5BF3F7E709}.Release|Any CPU.ActiveCfg = Release|Any CPU
		{8CB2BBE3-BBE3-4E70-BECB-4A5BF3F7E709}.Release|Any CPU.Build.0 = Release|Any CPU
		{514387CA-B670-4E59-8174-FD3FFAB0BC6C}.Debug|Any CPU.ActiveCfg = Debug|Any CPU
		{514387CA-B670-4E59-8174-FD3FFAB0BC6C}.Debug|Any CPU.Build.0 = Debug|Any CPU
		{514387CA-B670-4E59-8174-FD3FFAB0BC6C}.Release|Any CPU.ActiveCfg = Release|Any CPU
		{514387CA-B670-4E59-8174-FD3FFAB0BC6C}.Release|Any CPU.Build.0 = Release|Any CPU
		{182E553D-7463-4F8C-85FB-7B528BB4BD18}.Debug|Any CPU.ActiveCfg = Debug|Any CPU
		{182E553D-7463-4F8C-85FB-7B528BB4BD18}.Debug|Any CPU.Build.0 = Debug|Any CPU
		{182E553D-7463-4F8C-85FB-7B528BB4BD18}.Release|Any CPU.ActiveCfg = Release|Any CPU
		{182E553D-7463-4F8C-85FB-7B528BB4BD18}.Release|Any CPU.Build.0 = Release|Any CPU
	EndGlobalSection
	GlobalSection(SolutionProperties) = preSolution
		HideSolutionNode = FALSE
	EndGlobalSection
	GlobalSection(NestedProjects) = preSolution
		{182E553D-7463-4F8C-85FB-7B528BB4BD18} = {6C83A596-D32D-B35F-00DD-F0C99B673980}
	EndGlobalSection
	GlobalSection(ExtensibilityGlobals) = postSolution
		SolutionGuid = {60C31435-6587-45EE-9183-86C10A866BB6}
	EndGlobalSection
EndGlobal
